
Microsoft Visual Studio Solution File, Format Version 12.00
# Visual Studio Version 16
VisualStudioVersion = 16.0.30907.101
MinimumVisualStudioVersion = 10.0.40219.1
Project("{9A19103F-16F7-4668-BE54-9A1E7A4F7556}") = "TemperatureFormsTool", "TemperatureFormsTool\TemperatureFormsTool.csproj", "{76BBBE7C-90BF-4DF4-92F5-8217E1474E93}"
EndProject
Global
	GlobalSection(SolutionConfigurationPlatforms) = preSolution
		Debug|Any CPU = Debug|Any CPU
		Release|Any CPU = Release|Any CPU
	EndGlobalSection
	GlobalSection(ProjectConfigurationPlatforms) = postSolution
		{76BBBE7C-90BF-4DF4-92F5-8217E1474E93}.Debug|Any CPU.ActiveCfg = Debug|Any CPU
		{76BBBE7C-90BF-4DF4-92F5-8217E1474E93}.Debug|Any CPU.Build.0 = Debug|Any CPU
		{76BBBE7C-90BF-4DF4-92F5-8217E1474E93}.Release|Any CPU.ActiveCfg = Release|Any CPU
		{76BBBE7C-90BF-4DF4-92F5-8217E1474E93}.Release|Any CPU.Build.0 = Release|Any CPU
	EndGlobalSection
	GlobalSection(SolutionProperties) = preSolution
		HideSolutionNode = FALSE
	EndGlobalSection
	GlobalSection(ExtensibilityGlobals) = postSolution
		SolutionGuid = {E555002B-1B02-4D05-BF1F-94BF6ECB7B40}
	EndGlobalSection
EndGlobal
